// !$*UTF8*$!
{
	archiveVersion = 1;
	classes = {
	};
	objectVersion = 46;
	objects = {

/* Begin PBXBuildFile section */
		230EA8DA1CD7617B005DD2FF /* AppDelegate.swift in Sources */ = {isa = PBXBuildFile; fileRef = 230EA8D91CD7617B005DD2FF /* AppDelegate.swift */; };
		230EA8DC1CD7617B005DD2FF /* ViewController.swift in Sources */ = {isa = PBXBuildFile; fileRef = 230EA8DB1CD7617B005DD2FF /* ViewController.swift */; };
		230EA8DF1CD7617B005DD2FF /* Main.storyboard in Resources */ = {isa = PBXBuildFile; fileRef = 230EA8DD1CD7617B005DD2FF /* Main.storyboard */; };
		230EA8E11CD7617B005DD2FF /* Assets.xcassets in Resources */ = {isa = PBXBuildFile; fileRef = 230EA8E01CD7617B005DD2FF /* Assets.xcassets */; };
		230EA8E41CD7617B005DD2FF /* LaunchScreen.storyboard in Resources */ = {isa = PBXBuildFile; fileRef = 230EA8E21CD7617B005DD2FF /* LaunchScreen.storyboard */; };
/* End PBXBuildFile section */

/* Begin PBXFileReference section */
		230EA8D61CD7617B005DD2FF /* CollectionViewTest.app */ = {isa = PBXFileReference; explicitFileType = wrapper.application; includeInIndex = 0; path = CollectionViewTest.app; sourceTree = BUILT_PRODUCTS_DIR; };
		230EA8D91CD7617B005DD2FF /* AppDelegate.swift */ = {isa = PBXFileReference; lastKnownFileType = sourcecode.swift; path = AppDelegate.swift; sourceTree = "<group>"; };
		230EA8DB1CD7617B005DD2FF /* ViewController.swift */ = {isa = PBXFileReference; lastKnownFileType = sourcecode.swift; path = ViewController.swift; sourceTree = "<group>"; };
		230EA8DE1CD7617B005DD2FF /* Base */ = {isa = PBXFileReference; lastKnownFileType = file.storyboard; name = Base; path = Base.lproj/Main.storyboard; sourceTree = "<group>"; };
		230EA8E01CD7617B005DD2FF /* Assets.xcassets */ = {isa = PBXFileReference; lastKnownFileType = folder.assetcatalog; path = Assets.xcassets; sourceTree = "<group>"; };
		230EA8E31CD7617B005DD2FF /* Base */ = {isa = PBXFileReference; lastKnownFileType = file.storyboard; name = Base; path = Base.lproj/LaunchScreen.storyboard; sourceTree = "<group>"; };
		230EA8E51CD7617B005DD2FF /* Info.plist */ = {isa = PBXFileReference; lastKnownFileType = text.plist.xml; path = Info.plist; sourceTree = "<group>"; };
/* End PBXFileReference section */

/* Begin PBXFrameworksBuildPhase section */
		230EA8D31CD7617B005DD2FF /* Frameworks */ = {
			isa = PBXFrameworksBuildPhase;
			buildActionMask = 2147483647;
			files = (
			);
			runOnlyForDeploymentPostprocessing = 0;
		};
/* End PBXFrameworksBuildPhase section */

/* Begin PBXGroup section */
		230EA8CD1CD7617B005DD2FF = {
			isa = PBXGroup;
			children = (
				230EA8D81CD7617B005DD2FF /* CollectionViewTest */,
				230EA8D71CD7617B005DD2FF /* Products */,
			);
			sourceTree = "<group>";
		};
		230EA8D71CD7617B005DD2FF /* Products */ = {
			isa = PBXGroup;
			children = (
				230EA8D61CD7617B005DD2FF /* CollectionViewTest.app */,
			);
			name = Products;
			sourceTree = "<group>";
		};
		230EA8D81CD7617B005DD2FF /* CollectionViewTest */ = {
			isa = PBXGroup;
			children = (
				230EA8D91CD7617B005DD2FF /* AppDelegate.swift */,
				230EA8DB1CD7617B005DD2FF /* ViewController.swift */,
				230EA8DD1CD7617B005DD2FF /* Main.storyboard */,
				230EA8E01CD7617B005DD2FF /* Assets.xcassets */,
				230EA8E21CD7617B005DD2FF /* LaunchScreen.storyboard */,
				230EA8E51CD7617B005DD2FF /* Info.plist */,
			);
			path = CollectionViewTest;
			sourceTree = "<group>";
		};
/* End PBXGroup section */

/* Begin PBXNativeTarget section */
		230EA8D51CD7617B005DD2FF /* CollectionViewTest */ = {
			isa = PBXNativeTarget;
			buildConfigurationList = 230EA8E81CD7617B005DD2FF /* Build configuration list for PBXNativeTarget "CollectionViewTest" */;
			buildPhases = (
				230EA8D21CD7617B005DD2FF /* Sources */,
				230EA8D31CD7617B005DD2FF /* Frameworks */,
				230EA8D41CD7617B005DD2FF /* Resources */,
			);
			buildRules = (
			);
			dependencies = (
			);
			name = CollectionViewTest;
			productName = CollectionViewTest;
			productReference = 230EA8D61CD7617B005DD2FF /* CollectionViewTest.app */;
			productType = "com.apple.product-type.application";
		};
/* End PBXNativeTarget section */

/* Begin PBXProject section */
		230EA8CE1CD7617B005DD2FF /* Project object */ = {
			isa = PBXProject;
			attributes = {
				LastSwiftUpdateCheck = 0720;
				LastUpgradeCheck = 0720;
				ORGANIZATIONNAME = "贺俊孟";
				TargetAttributes = {
					230EA8D51CD7617B005DD2FF = {
						CreatedOnToolsVersion = 7.2;
						DevelopmentTeam = T4QLUC3P6M;
					};
				};
			};
			buildConfigurationList = 230EA8D11CD7617B005DD2FF /* Build configuration list for PBXProject "CollectionViewTest" */;
			compatibilityVersion = "Xcode 3.2";
			developmentRegion = English;
			hasScannedForEncodings = 0;
			knownRegions = (
				en,
				Base,
			);
			mainGroup = 230EA8CD1CD7617B005DD2FF;
			productRefGroup = 230EA8D71CD7617B005DD2FF /* Products */;
			projectDirPath = "";
			projectRoot = "";
			targets = (
				230EA8D51CD7617B005DD2FF /* CollectionViewTest */,
			);
		};
/* End PBXProject section */

/* Begin PBXResourcesBuildPhase section */
		230EA8D41CD7617B005DD2FF /* Resources */ = {
			isa = PBXResourcesBuildPhase;
			buildActionMask = 2147483647;
			files = (
				230EA8E41CD7617B005DD2FF /* LaunchScreen.storyboard in Resources */,
				230EA8E11CD7617B005DD2FF /* Assets.xcassets in Resources */,
				230EA8DF1CD7617B005DD2FF /* Main.storyboard in Resources */,
			);
			runOnlyForDeploymentPostprocessing = 0;
		};
/* End PBXResourcesBuildPhase section */

/* Begin PBXSourcesBuildPhase section */
		230EA8D21CD7617B005DD2FF /* Sources */ = {
			isa = PBXSourcesBuildPhase;
			buildActionMask = 2147483647;
			files = (
				230EA8DC1CD7617B005DD2FF /* ViewController.swift in Sources */,
				230EA8DA1CD7617B005DD2FF /* AppDelegate.swift in Sources */,
			);
			runOnlyForDeploymentPostprocessing = 0;
		};
/* End PBXSourcesBuildPhase section */

/* Begin PBXVariantGroup section */
		230EA8DD1CD7617B005DD2FF /* Main.storyboard */ = {
			isa = PBXVariantGroup;
			children = (
				230EA8DE1CD7617B005DD2FF /* Base */,
			);
			name = Main.storyboard;
			sourceTree = "<group>";
		};
		230EA8E21CD7617B005DD2FF /* LaunchScreen.storyboard */ = {
			isa = PBXVariantGroup;
			children = (
				230EA8E31CD7617B005DD2FF /* Base */,
			);
			name = LaunchScreen.storyboard;
			sourceTree = "<group>";
		};
/* End PBXVariantGroup section */

/* Begin XCBuildConfiguration section */
		230EA8E61CD7617B005DD2FF /* Debug */ = {
			isa = XCBuildConfiguration;
			buildSettings = {
				ALWAYS_SEARCH_USER_PATHS = NO;
				CLANG_CXX_LANGUAGE_STANDARD = "gnu++0x";
				CLANG_CXX_LIBRARY = "libc++";
				CLANG_ENABLE_MODULES = YES;
				CLANG_ENABLE_OBJC_ARC = YES;
				CLANG_WARN_BOOL_CONVERSION = YES;
				CLANG_WARN_CONSTANT_CONVERSION = YES;
				CLANG_WARN_DIRECT_OBJC_ISA_USAGE = YES_ERROR;
				CLANG_WARN_EMPTY_BODY = YES;
				CLANG_WARN_ENUM_CONVERSION = YES;
				CLANG_WARN_INT_CONVERSION = YES;
				CLANG_WARN_OBJC_ROOT_CLASS = YES_ERROR;
				CLANG_WARN_UNREACHABLE_CODE = YES;
				CLANG_WARN__DUPLICATE_METHOD_MATCH = YES;
				"CODE_SIGN_IDENTITY[sdk=iphoneos*]" = "iPhone Developer";
				COPY_PHASE_STRIP = NO;
				DEBUG_INFORMATION_FORMAT = dwarf;
				ENABLE_STRICT_OBJC_MSGSEND = YES;
				ENABLE_TESTABILITY = YES;
				GCC_C_LANGUAGE_STANDARD = gnu99;
				GCC_DYNAMIC_NO_PIC = NO;
				GCC_NO_COMMON_BLOCKS = YES;
				GCC_OPTIMIZATION_LEVEL = 0;
				GCC_PREPROCESSOR_DEFINITIONS = (
					"DEBUG=1",
					"$(inherited)",
				);
				GCC_WARN_64_TO_32_BIT_CONVERSION = YES;
				GCC_WARN_ABOUT_RETURN_TYPE = YES_ERROR;
				GCC_WARN_UNDECLARED_SELECTOR = YES;
				GCC_WARN_UNINITIALIZED_AUTOS = YES_AGGRESSIVE;
				GCC_WARN_UNUSED_FUNCTION = YES;
				GCC_WARN_UNUSED_VARIABLE = YES;
				IPHONEOS_DEPLOYMENT_TARGET = 9.2;
				MTL_ENABLE_DEBUG_INFO = YES;
				ONLY_ACTIVE_ARCH = YES;
				SDKROOT = iphoneos;
				SWIFT_OPTIMIZATION_LEVEL = "-Onone";
			};
			name = Debug;
		};
		230EA8E71CD7617B005DD2FF /* Release */ = {
			isa = XCBuildConfiguration;
			buildSettings = {
				ALWAYS_SEARCH_USER_PATHS = NO;
				CLANG_CXX_LANGUAGE_STANDARD = "gnu++0x";
				CLANG_CXX_LIBRARY = "libc++";
				CLANG_ENABLE_MODULES = YES;
				CLANG_ENABLE_OBJC_ARC = YES;
				CLANG_WARN_BOOL_CONVERSION = YES;
				CLANG_WARN_CONSTANT_CONVERSION = YES;
				CLANG_WARN_DIRECT_OBJC_ISA_USAGE = YES_ERROR;
				CLANG_WARN_EMPTY_BODY = YES;
				CLANG_WARN_ENUM_CONVERSION = YES;
				CLANG_WARN_INT_CONVERSION = YES;
				CLANG_WARN_OBJC_ROOT_CLASS = YES_ERROR;
				CLANG_WARN_UNREACHABLE_CODE = YES;
				CLANG_WARN__DUPLICATE_METHOD_MATCH = YES;
				"CODE_SIGN_IDENTITY[sdk=iphoneos*]" = "iPhone Developer";
				COPY_PHASE_STRIP = NO;
				DEBUG_INFORMATION_FORMAT = "dwarf-with-dsym";
				ENABLE_NS_ASSERTIONS = NO;
				ENABLE_STRICT_OBJC_MSGSEND = YES;
				GCC_C_LANGUAGE_STANDARD = gnu99;
				GCC_NO_COMMON_BLOCKS = YES;
				GCC_WARN_64_TO_32_BIT_CONVERSION = YES;
				GCC_WARN_ABOUT_RETURN_TYPE = YES_ERROR;
				GCC_WARN_UNDECLARED_SELECTOR = YES;
				GCC_WARN_UNINITIALIZED_AUTOS = YES_AGGRESSIVE;
				GCC_WARN_UNUSED_FUNCTION = YES;
				GCC_WARN_UNUSED_VARIABLE = YES;
				IPHONEOS_DEPLOYMENT_TARGET = 9.2;
				MTL_ENABLE_DEBUG_INFO = NO;
				SDKROOT = iphoneos;
				VALIDATE_PRODUCT = YES;
			};
			name = Release;
		};
		230EA8E91CD7617B005DD2FF /* Debug */ = {
			isa = XCBuildConfiguration;
			buildSettings = {
				ASSETCATALOG_COMPILER_APPICON_NAME = AppIcon;
				INFOPLIST_FILE = CollectionViewTest/Info.plist;
				LD_RUNPATH_SEARCH_PATHS = "$(inherited) @executable_path/Frameworks";
				PRODUCT_BUNDLE_IDENTIFIER = "-143024986-qq.com.CollectionViewTest";
				PRODUCT_NAME = "$(TARGET_NAME)";
			};
			name = Debug;
		};
		230EA8EA1CD7617B005DD2FF /* Release */ = {
			isa = XCBuildConfiguration;
			buildSettings = {
				ASSETCATALOG_COMPILER_APPICON_NAME = AppIcon;
				INFOPLIST_FILE = CollectionViewTest/Info.plist;
				LD_RUNPATH_SEARCH_PATHS = "$(inherited) @executable_path/Frameworks";
				PRODUCT_BUNDLE_IDENTIFIER = "-143024986-qq.com.CollectionViewTest";
				PRODUCT_NAME = "$(TARGET_NAME)";
			};
			name = Release;
		};
/* End XCBuildConfiguration section */

/* Begin XCConfigurationList section */
		230EA8D11CD7617B005DD2FF /* Build configuration list for PBXProject "CollectionViewTest" */ = {
			isa = XCConfigurationList;
			buildConfigurations = (
				230EA8E61CD7617B005DD2FF /* Debug */,
				230EA8E71CD7617B005DD2FF /* Release */,
			);
			defaultConfigurationIsVisible = 0;
			defaultConfigurationName = Release;
		};
		230EA8E81CD7617B005DD2FF /* Build configuration list for PBXNativeTarget "CollectionViewTest" */ = {
			isa = XCConfigurationList;
			buildConfigurations = (
				230EA8E91CD7617B005DD2FF /* Debug */,
				230EA8EA1CD7617B005DD2FF /* Release */,
			);
			defaultConfigurationIsVisible = 0;
		};
/* End XCConfigurationList section */
	};
	rootObject = 230EA8CE1CD7617B005DD2FF /* Project object */;
}
